
Microsoft Visual Studio Solution File, Format Version 12.00
# Visual Studio 2013
VisualStudioVersion = 12.0.20617.1 PREVIEW
MinimumVisualStudioVersion = 10.0.40219.1
Project("{FAE04EC0-301F-11D3-BF4B-00C04F79EFBC}") = "Uppgift-1", "Uppgift-1\Uppgift-1.csproj", "{AEA6A9F7-A16B-4735-B0C0-CB4B33D5875C}"
EndProject
Project("{FAE04EC0-301F-11D3-BF4B-00C04F79EFBC}") = "UnitTestTri", "UnitTestTri\UnitTestTri.csproj", "{EE2ACC5C-CA2D-47C6-B2CD-805056CECF3E}"
EndProject
Global
	GlobalSection(SolutionConfigurationPlatforms) = preSolution
		Debug|Any CPU = Debug|Any CPU
		Release|Any CPU = Release|Any CPU
	EndGlobalSection
	GlobalSection(ProjectConfigurationPlatforms) = postSolution
		{AEA6A9F7-A16B-4735-B0C0-CB4B33D5875C}.Debug|Any CPU.ActiveCfg = Debug|Any CPU
		{AEA6A9F7-A16B-4735-B0C0-CB4B33D5875C}.Debug|Any CPU.Build.0 = Debug|Any CPU
		{AEA6A9F7-A16B-4735-B0C0-CB4B33D5875C}.Release|Any CPU.ActiveCfg = Release|Any CPU
		{AEA6A9F7-A16B-4735-B0C0-CB4B33D5875C}.Release|Any CPU.Build.0 = Release|Any CPU
		{EE2ACC5C-CA2D-47C6-B2CD-805056CECF3E}.Debug|Any CPU.ActiveCfg = Debug|Any CPU
		{EE2ACC5C-CA2D-47C6-B2CD-805056CECF3E}.Debug|Any CPU.Build.0 = Debug|Any CPU
		{EE2ACC5C-CA2D-47C6-B2CD-805056CECF3E}.Release|Any CPU.ActiveCfg = Release|Any CPU
		{EE2ACC5C-CA2D-47C6-B2CD-805056CECF3E}.Release|Any CPU.Build.0 = Release|Any CPU
	EndGlobalSection
	GlobalSection(SolutionProperties) = preSolution
		HideSolutionNode = FALSE
	EndGlobalSection
EndGlobal
